
Microsoft Visual Studio Solution File, Format Version 12.00
# Visual Studio Version 16
VisualStudioVersion = 16.0.32802.440
MinimumVisualStudioVersion = 10.0.40219.1
Project("{C9674DCB-5085-4A16-B785-4C70DD1589BD}") = "HelpDesk_v2", "HelpDesk_v2\HelpDesk_v2.dtproj", "{4036C234-54B8-4101-BD7B-652F57EBD992}"
EndProject
Global
	GlobalSection(SolutionConfigurationPlatforms) = preSolution
		Development|Default = Development|Default
	EndGlobalSection
	GlobalSection(ProjectConfigurationPlatforms) = postSolution
		{4036C234-54B8-4101-BD7B-652F57EBD992}.Development|Default.ActiveCfg = Development
		{4036C234-54B8-4101-BD7B-652F57EBD992}.Development|Default.Build.0 = Development
	EndGlobalSection
	GlobalSection(SolutionProperties) = preSolution
		HideSolutionNode = FALSE
	EndGlobalSection
	GlobalSection(ExtensibilityGlobals) = postSolution
		SolutionGuid = {6AB67548-5408-43EF-BA81-DB65346B0797}
	EndGlobalSection
EndGlobal
